// !$*UTF8*$!
{
	archiveVersion = 1;
	classes = {
	};
	objectVersion = 77;
	objects = {

/* Begin PBXContainerItemProxy section */
		BC49EF242D46E3DC00EEDF6F /* PBXContainerItemProxy */ = {
			isa = PBXContainerItemProxy;
			containerPortal = BC49EF0B2D46E3DA00EEDF6F /* Project object */;
			proxyType = 1;
			remoteGlobalIDString = BC49EF122D46E3DA00EEDF6F;
			remoteInfo = TipCalculator;
		};
		BC49EF2E2D46E3DC00EEDF6F /* PBXContainerItemProxy */ = {
			isa = PBXContainerItemProxy;
			containerPortal = BC49EF0B2D46E3DA00EEDF6F /* Project object */;
			proxyType = 1;
			remoteGlobalIDString = BC49EF122D46E3DA00EEDF6F;
			remoteInfo = TipCalculator;
		};
/* End PBXContainerItemProxy section */

/* Begin PBXFileReference section */
		BC49EF132D46E3DA00EEDF6F /* TipCalculator.app */ = {isa = PBXFileReference; explicitFileType = wrapper.application; includeInIndex = 0; path = TipCalculator.app; sourceTree = BUILT_PRODUCTS_DIR; };
		BC49EF232D46E3DC00EEDF6F /* TipCalculatorTests.xctest */ = {isa = PBXFileReference; explicitFileType = wrapper.cfbundle; includeInIndex = 0; path = TipCalculatorTests.xctest; sourceTree = BUILT_PRODUCTS_DIR; };
		BC49EF2D2D46E3DC00EEDF6F /* TipCalculatorUITests.xctest */ = {isa = PBXFileReference; explicitFileType = wrapper.cfbundle; includeInIndex = 0; path = TipCalculatorUITests.xctest; sourceTree = BUILT_PRODUCTS_DIR; };
/* End PBXFileReference section */

/* Begin PBXFileSystemSynchronizedRootGroup section */
		BC49EF152D46E3DA00EEDF6F /* TipCalculator */ = {
			isa = PBXFileSystemSynchronizedRootGroup;
			path = TipCalculator;
			sourceTree = "<group>";
		};
		BC49EF262D46E3DC00EEDF6F /* TipCalculatorTests */ = {
			isa = PBXFileSystemSynchronizedRootGroup;
			path = TipCalculatorTests;
			sourceTree = "<group>";
		};
		BC49EF302D46E3DC00EEDF6F /* TipCalculatorUITests */ = {
			isa = PBXFileSystemSynchronizedRootGroup;
			path = TipCalculatorUITests;
			sourceTree = "<group>";
		};
/* End PBXFileSystemSynchronizedRootGroup section */

/* Begin PBXFrameworksBuildPhase section */
		BC49EF102D46E3DA00EEDF6F /* Frameworks */ = {
			isa = PBXFrameworksBuildPhase;
			buildActionMask = 2147483647;
			files = (
			);
			runOnlyForDeploymentPostprocessing = 0;
		};
		BC49EF202D46E3DC00EEDF6F /* Frameworks */ = {
			isa = PBXFrameworksBuildPhase;
			buildActionMask = 2147483647;
			files = (
			);
			runOnlyForDeploymentPostprocessing = 0;
		};
		BC49EF2A2D46E3DC00EEDF6F /* Frameworks */ = {
			isa = PBXFrameworksBuildPhase;
			buildActionMask = 2147483647;
			files = (
			);
			runOnlyForDeploymentPostprocessing = 0;
		};
/* End PBXFrameworksBuildPhase section */

/* Begin PBXGroup section */
		BC49EF0A2D46E3DA00EEDF6F = {
			isa = PBXGroup;
			children = (
				BC49EF152D46E3DA00EEDF6F /* TipCalculator */,
				BC49EF262D46E3DC00EEDF6F /* TipCalculatorTests */,
				BC49EF302D46E3DC00EEDF6F /* TipCalculatorUITests */,
				BC49EF142D46E3DA00EEDF6F /* Products */,
			);
			sourceTree = "<group>";
		};
		BC49EF142D46E3DA00EEDF6F /* Products */ = {
			isa = PBXGroup;
			children = (
				BC49EF132D46E3DA00EEDF6F /* TipCalculator.app */,
				BC49EF232D46E3DC00EEDF6F /* TipCalculatorTests.xctest */,
				BC49EF2D2D46E3DC00EEDF6F /* TipCalculatorUITests.xctest */,
			);
			name = Products;
			sourceTree = "<group>";
		};
/* End PBXGroup section */

/* Begin PBXNativeTarget section */
		BC49EF122D46E3DA00EEDF6F /* TipCalculator */ = {
			isa = PBXNativeTarget;
			buildConfigurationList = BC49EF372D46E3DC00EEDF6F /* Build configuration list for PBXNativeTarget "TipCalculator" */;
			buildPhases = (
				BC49EF0F2D46E3DA00EEDF6F /* Sources */,
				BC49EF102D46E3DA00EEDF6F /* Frameworks */,
				BC49EF112D46E3DA00EEDF6F /* Resources */,
			);
			buildRules = (
			);
			dependencies = (
			);
			fileSystemSynchronizedGroups = (
				BC49EF152D46E3DA00EEDF6F /* TipCalculator */,
			);
			name = TipCalculator;
			packageProductDependencies = (
			);
			productName = TipCalculator;
			productReference = BC49EF132D46E3DA00EEDF6F /* TipCalculator.app */;
			productType = "com.apple.product-type.application";
		};
		BC49EF222D46E3DC00EEDF6F /* TipCalculatorTests */ = {
			isa = PBXNativeTarget;
			buildConfigurationList = BC49EF3A2D46E3DC00EEDF6F /* Build configuration list for PBXNativeTarget "TipCalculatorTests" */;
			buildPhases = (
				BC49EF1F2D46E3DC00EEDF6F /* Sources */,
				BC49EF202D46E3DC00EEDF6F /* Frameworks */,
				BC49EF212D46E3DC00EEDF6F /* Resources */,
			);
			buildRules = (
			);
			dependencies = (
				BC49EF252D46E3DC00EEDF6F /* PBXTargetDependency */,
			);
			fileSystemSynchronizedGroups = (
				BC49EF262D46E3DC00EEDF6F /* TipCalculatorTests */,
			);
			name = TipCalculatorTests;
			packageProductDependencies = (
			);
			productName = TipCalculatorTests;
			productReference = BC49EF232D46E3DC00EEDF6F /* TipCalculatorTests.xctest */;
			productType = "com.apple.product-type.bundle.unit-test";
		};
		BC49EF2C2D46E3DC00EEDF6F /* TipCalculatorUITests */ = {
			isa = PBXNativeTarget;
			buildConfigurationList = BC49EF3D2D46E3DC00EEDF6F /* Build configuration list for PBXNativeTarget "TipCalculatorUITests" */;
			buildPhases = (
				BC49EF292D46E3DC00EEDF6F /* Sources */,
				BC49EF2A2D46E3DC00EEDF6F /* Frameworks */,
				BC49EF2B2D46E3DC00EEDF6F /* Resources */,
			);
			buildRules = (
			);
			dependencies = (
				BC49EF2F2D46E3DC00EEDF6F /* PBXTargetDependency */,
			);
			fileSystemSynchronizedGroups = (
				BC49EF302D46E3DC00EEDF6F /* TipCalculatorUITests */,
			);
			name = TipCalculatorUITests;
			packageProductDependencies = (
			);
			productName = TipCalculatorUITests;
			productReference = BC49EF2D2D46E3DC00EEDF6F /* TipCalculatorUITests.xctest */;
			productType = "com.apple.product-type.bundle.ui-testing";
		};
/* End PBXNativeTarget section */

/* Begin PBXProject section */
		BC49EF0B2D46E3DA00EEDF6F /* Project object */ = {
			isa = PBXProject;
			attributes = {
				BuildIndependentTargetsInParallel = 1;
				LastSwiftUpdateCheck = 1620;
				LastUpgradeCheck = 1620;
				TargetAttributes = {
					BC49EF122D46E3DA00EEDF6F = {
						CreatedOnToolsVersion = 16.2;
					};
					BC49EF222D46E3DC00EEDF6F = {
						CreatedOnToolsVersion = 16.2;
						TestTargetID = BC49EF122D46E3DA00EEDF6F;
					};
					BC49EF2C2D46E3DC00EEDF6F = {
						CreatedOnToolsVersion = 16.2;
						TestTargetID = BC49EF122D46E3DA00EEDF6F;
					};
				};
			};
			buildConfigurationList = BC49EF0E2D46E3DA00EEDF6F /* Build configuration list for PBXProject "TipCalculator" */;
			developmentRegion = en;
			hasScannedForEncodings = 0;
			knownRegions = (
				en,
				Base,
			);
			mainGroup = BC49EF0A2D46E3DA00EEDF6F;
			minimizedProjectReferenceProxies = 1;
			preferredProjectObjectVersion = 77;
			productRefGroup = BC49EF142D46E3DA00EEDF6F /* Products */;
			projectDirPath = "";
			projectRoot = "";
			targets = (
				BC49EF122D46E3DA00EEDF6F /* TipCalculator */,
				BC49EF222D46E3DC00EEDF6F /* TipCalculatorTests */,
				BC49EF2C2D46E3DC00EEDF6F /* TipCalculatorUITests */,
			);
		};
/* End PBXProject section */

/* Begin PBXResourcesBuildPhase section */
		BC49EF112D46E3DA00EEDF6F /* Resources */ = {
			isa = PBXResourcesBuildPhase;
			buildActionMask = 2147483647;
			files = (
			);
			runOnlyForDeploymentPostprocessing = 0;
		};
		BC49EF212D46E3DC00EEDF6F /* Resources */ = {
			isa = PBXResourcesBuildPhase;
			buildActionMask = 2147483647;
			files = (
			);
			runOnlyForDeploymentPostprocessing = 0;
		};
		BC49EF2B2D46E3DC00EEDF6F /* Resources */ = {
			isa = PBXResourcesBuildPhase;
			buildActionMask = 2147483647;
			files = (
			);
			runOnlyForDeploymentPostprocessing = 0;
		};
/* End PBXResourcesBuildPhase section */

/* Begin PBXSourcesBuildPhase section */
		BC49EF0F2D46E3DA00EEDF6F /* Sources */ = {
			isa = PBXSourcesBuildPhase;
			buildActionMask = 2147483647;
			files = (
			);
			runOnlyForDeploymentPostprocessing = 0;
		};
		BC49EF1F2D46E3DC00EEDF6F /* Sources */ = {
			isa = PBXSourcesBuildPhase;
			buildActionMask = 2147483647;
			files = (
			);
			runOnlyForDeploymentPostprocessing = 0;
		};
		BC49EF292D46E3DC00EEDF6F /* Sources */ = {
			isa = PBXSourcesBuildPhase;
			buildActionMask = 2147483647;
			files = (
			);
			runOnlyForDeploymentPostprocessing = 0;
		};
/* End PBXSourcesBuildPhase section */

/* Begin PBXTargetDependency section */
		BC49EF252D46E3DC00EEDF6F /* PBXTargetDependency */ = {
			isa = PBXTargetDependency;
			target = BC49EF122D46E3DA00EEDF6F /* TipCalculator */;
			targetProxy = BC49EF242D46E3DC00EEDF6F /* PBXContainerItemProxy */;
		};
		BC49EF2F2D46E3DC00EEDF6F /* PBXTargetDependency */ = {
			isa = PBXTargetDependency;
			target = BC49EF122D46E3DA00EEDF6F /* TipCalculator */;
			targetProxy = BC49EF2E2D46E3DC00EEDF6F /* PBXContainerItemProxy */;
		};
/* End PBXTargetDependency section */

/* Begin XCBuildConfiguration section */
		BC49EF352D46E3DC00EEDF6F /* Debug */ = {
			isa = XCBuildConfiguration;
			buildSettings = {
				ALWAYS_SEARCH_USER_PATHS = NO;
				ASSETCATALOG_COMPILER_GENERATE_SWIFT_ASSET_SYMBOL_EXTENSIONS = YES;
				CLANG_ANALYZER_NONNULL = YES;
				CLANG_ANALYZER_NUMBER_OBJECT_CONVERSION = YES_AGGRESSIVE;
				CLANG_CXX_LANGUAGE_STANDARD = "gnu++20";
				CLANG_ENABLE_MODULES = YES;
				CLANG_ENABLE_OBJC_ARC = YES;
				CLANG_ENABLE_OBJC_WEAK = YES;
				CLANG_WARN_BLOCK_CAPTURE_AUTORELEASING = YES;
				CLANG_WARN_BOOL_CONVERSION = YES;
				CLANG_WARN_COMMA = YES;
				CLANG_WARN_CONSTANT_CONVERSION = YES;
				CLANG_WARN_DEPRECATED_OBJC_IMPLEMENTATIONS = YES;
				CLANG_WARN_DIRECT_OBJC_ISA_USAGE = YES_ERROR;
				CLANG_WARN_DOCUMENTATION_COMMENTS = YES;
				CLANG_WARN_EMPTY_BODY = YES;
				CLANG_WARN_ENUM_CONVERSION = YES;
				CLANG_WARN_INFINITE_RECURSION = YES;
				CLANG_WARN_INT_CONVERSION = YES;
				CLANG_WARN_NON_LITERAL_NULL_CONVERSION = YES;
				CLANG_WARN_OBJC_IMPLICIT_RETAIN_SELF = YES;
				CLANG_WARN_OBJC_LITERAL_CONVERSION = YES;
				CLANG_WARN_OBJC_ROOT_CLASS = YES_ERROR;
				CLANG_WARN_QUOTED_INCLUDE_IN_FRAMEWORK_HEADER = YES;
				CLANG_WARN_RANGE_LOOP_ANALYSIS = YES;
				CLANG_WARN_STRICT_PROTOTYPES = YES;
				CLANG_WARN_SUSPICIOUS_MOVE = YES;
				CLANG_WARN_UNGUARDED_AVAILABILITY = YES_AGGRESSIVE;
				CLANG_WARN_UNREACHABLE_CODE = YES;
				CLANG_WARN__DUPLICATE_METHOD_MATCH = YES;
				COPY_PHASE_STRIP = NO;
				DEBUG_INFORMATION_FORMAT = dwarf;
				ENABLE_STRICT_OBJC_MSGSEND = YES;
				ENABLE_TESTABILITY = YES;
				ENABLE_USER_SCRIPT_SANDBOXING = YES;
				GCC_C_LANGUAGE_STANDARD = gnu17;
				GCC_DYNAMIC_NO_PIC = NO;
				GCC_NO_COMMON_BLOCKS = YES;
				GCC_OPTIMIZATION_LEVEL = 0;
				GCC_PREPROCESSOR_DEFINITIONS = (
					"DEBUG=1",
					"$(inherited)",
				);
				GCC_WARN_64_TO_32_BIT_CONVERSION = YES;
				GCC_WARN_ABOUT_RETURN_TYPE = YES_ERROR;
				GCC_WARN_UNDECLARED_SELECTOR = YES;
				GCC_WARN_UNINITIALIZED_AUTOS = YES_AGGRESSIVE;
				GCC_WARN_UNUSED_FUNCTION = YES;
				GCC_WARN_UNUSED_VARIABLE = YES;
				IPHONEOS_DEPLOYMENT_TARGET = 18.2;
				LOCALIZATION_PREFERS_STRING_CATALOGS = YES;
				MTL_ENABLE_DEBUG_INFO = INCLUDE_SOURCE;
				MTL_FAST_MATH = YES;
				ONLY_ACTIVE_ARCH = YES;
				SDKROOT = iphoneos;
				SWIFT_ACTIVE_COMPILATION_CONDITIONS = "DEBUG $(inherited)";
				SWIFT_OPTIMIZATION_LEVEL = "-Onone";
			};
			name = Debug;
		};
		BC49EF362D46E3DC00EEDF6F /* Release */ = {
			isa = XCBuildConfiguration;
			buildSettings = {
				ALWAYS_SEARCH_USER_PATHS = NO;
				ASSETCATALOG_COMPILER_GENERATE_SWIFT_ASSET_SYMBOL_EXTENSIONS = YES;
				CLANG_ANALYZER_NONNULL = YES;
				CLANG_ANALYZER_NUMBER_OBJECT_CONVERSION = YES_AGGRESSIVE;
				CLANG_CXX_LANGUAGE_STANDARD = "gnu++20";
				CLANG_ENABLE_MODULES = YES;
				CLANG_ENABLE_OBJC_ARC = YES;
				CLANG_ENABLE_OBJC_WEAK = YES;
				CLANG_WARN_BLOCK_CAPTURE_AUTORELEASING = YES;
				CLANG_WARN_BOOL_CONVERSION = YES;
				CLANG_WARN_COMMA = YES;
				CLANG_WARN_CONSTANT_CONVERSION = YES;
				CLANG_WARN_DEPRECATED_OBJC_IMPLEMENTATIONS = YES;
				CLANG_WARN_DIRECT_OBJC_ISA_USAGE = YES_ERROR;
				CLANG_WARN_DOCUMENTATION_COMMENTS = YES;
				CLANG_WARN_EMPTY_BODY = YES;
				CLANG_WARN_ENUM_CONVERSION = YES;
				CLANG_WARN_INFINITE_RECURSION = YES;
				CLANG_WARN_INT_CONVERSION = YES;
				CLANG_WARN_NON_LITERAL_NULL_CONVERSION = YES;
				CLANG_WARN_OBJC_IMPLICIT_RETAIN_SELF = YES;
				CLANG_WARN_OBJC_LITERAL_CONVERSION = YES;
				CLANG_WARN_OBJC_ROOT_CLASS = YES_ERROR;
				CLANG_WARN_QUOTED_INCLUDE_IN_FRAMEWORK_HEADER = YES;
				CLANG_WARN_RANGE_LOOP_ANALYSIS = YES;
				CLANG_WARN_STRICT_PROTOTYPES = YES;
				CLANG_WARN_SUSPICIOUS_MOVE = YES;
				CLANG_WARN_UNGUARDED_AVAILABILITY = YES_AGGRESSIVE;
				CLANG_WARN_UNREACHABLE_CODE = YES;
				CLANG_WARN__DUPLICATE_METHOD_MATCH = YES;
				COPY_PHASE_STRIP = NO;
				DEBUG_INFORMATION_FORMAT = "dwarf-with-dsym";
				ENABLE_NS_ASSERTIONS = NO;
				ENABLE_STRICT_OBJC_MSGSEND = YES;
				ENABLE_USER_SCRIPT_SANDBOXING = YES;
				GCC_C_LANGUAGE_STANDARD = gnu17;
				GCC_NO_COMMON_BLOCKS = YES;
				GCC_WARN_64_TO_32_BIT_CONVERSION = YES;
				GCC_WARN_ABOUT_RETURN_TYPE = YES_ERROR;
				GCC_WARN_UNDECLARED_SELECTOR = YES;
				GCC_WARN_UNINITIALIZED_AUTOS = YES_AGGRESSIVE;
				GCC_WARN_UNUSED_FUNCTION = YES;
				GCC_WARN_UNUSED_VARIABLE = YES;
				IPHONEOS_DEPLOYMENT_TARGET = 18.2;
				LOCALIZATION_PREFERS_STRING_CATALOGS = YES;
				MTL_ENABLE_DEBUG_INFO = NO;
				MTL_FAST_MATH = YES;
				SDKROOT = iphoneos;
				SWIFT_COMPILATION_MODE = wholemodule;
				VALIDATE_PRODUCT = YES;
			};
			name = Release;
		};
		BC49EF382D46E3DC00EEDF6F /* Debug */ = {
			isa = XCBuildConfiguration;
			buildSettings = {
				ASSETCATALOG_COMPILER_APPICON_NAME = AppIcon;
				ASSETCATALOG_COMPILER_GLOBAL_ACCENT_COLOR_NAME = AccentColor;
				CODE_SIGN_STYLE = Automatic;
				CURRENT_PROJECT_VERSION = 1;
				DEVELOPMENT_ASSET_PATHS = "\"TipCalculator/Preview Content\"";
				ENABLE_PREVIEWS = YES;
				GENERATE_INFOPLIST_FILE = YES;
				INFOPLIST_KEY_UIApplicationSceneManifest_Generation = YES;
				INFOPLIST_KEY_UIApplicationSupportsIndirectInputEvents = YES;
				INFOPLIST_KEY_UILaunchScreen_Generation = YES;
				INFOPLIST_KEY_UISupportedInterfaceOrientations_iPad = "UIInterfaceOrientationPortrait UIInterfaceOrientationPortraitUpsideDown UIInterfaceOrientationLandscapeLeft UIInterfaceOrientationLandscapeRight";
				INFOPLIST_KEY_UISupportedInterfaceOrientations_iPhone = "UIInterfaceOrientationPortrait UIInterfaceOrientationLandscapeLeft UIInterfaceOrientationLandscapeRight";
				LD_RUNPATH_SEARCH_PATHS = (
					"$(inherited)",
					"@executable_path/Frameworks",
				);
				MARKETING_VERSION = 1.0;
				PRODUCT_BUNDLE_IDENTIFIER = com.dungoni.TipCalculator;
				PRODUCT_NAME = "$(TARGET_NAME)";
				SWIFT_EMIT_LOC_STRINGS = YES;
				SWIFT_VERSION = 5.0;
				TARGETED_DEVICE_FAMILY = "1,2";
			};
			name = Debug;
		};
		BC49EF392D46E3DC00EEDF6F /* Release */ = {
			isa = XCBuildConfiguration;
			buildSettings = {
				ASSETCATALOG_COMPILER_APPICON_NAME = AppIcon;
				ASSETCATALOG_COMPILER_GLOBAL_ACCENT_COLOR_NAME = AccentColor;
				CODE_SIGN_STYLE = Automatic;
				CURRENT_PROJECT_VERSION = 1;
				DEVELOPMENT_ASSET_PATHS = "\"TipCalculator/Preview Content\"";
				ENABLE_PREVIEWS = YES;
				GENERATE_INFOPLIST_FILE = YES;
				INFOPLIST_KEY_UIApplicationSceneManifest_Generation = YES;
				INFOPLIST_KEY_UIApplicationSupportsIndirectInputEvents = YES;
				INFOPLIST_KEY_UILaunchScreen_Generation = YES;
				INFOPLIST_KEY_UISupportedInterfaceOrientations_iPad = "UIInterfaceOrientationPortrait UIInterfaceOrientationPortraitUpsideDown UIInterfaceOrientationLandscapeLeft UIInterfaceOrientationLandscapeRight";
				INFOPLIST_KEY_UISupportedInterfaceOrientations_iPhone = "UIInterfaceOrientationPortrait UIInterfaceOrientationLandscapeLeft UIInterfaceOrientationLandscapeRight";
				LD_RUNPATH_SEARCH_PATHS = (
					"$(inherited)",
					"@executable_path/Frameworks",
				);
				MARKETING_VERSION = 1.0;
				PRODUCT_BUNDLE_IDENTIFIER = com.dungoni.TipCalculator;
				PRODUCT_NAME = "$(TARGET_NAME)";
				SWIFT_EMIT_LOC_STRINGS = YES;
				SWIFT_VERSION = 5.0;
				TARGETED_DEVICE_FAMILY = "1,2";
			};
			name = Release;
		};
		BC49EF3B2D46E3DC00EEDF6F /* Debug */ = {
			isa = XCBuildConfiguration;
			buildSettings = {
				BUNDLE_LOADER = "$(TEST_HOST)";
				CODE_SIGN_STYLE = Automatic;
				CURRENT_PROJECT_VERSION = 1;
				GENERATE_INFOPLIST_FILE = YES;
				IPHONEOS_DEPLOYMENT_TARGET = 18.2;
				MARKETING_VERSION = 1.0;
				PRODUCT_BUNDLE_IDENTIFIER = com.dungoni.TipCalculatorTests;
				PRODUCT_NAME = "$(TARGET_NAME)";
				SWIFT_EMIT_LOC_STRINGS = NO;
				SWIFT_VERSION = 5.0;
				TARGETED_DEVICE_FAMILY = "1,2";
				TEST_HOST = "$(BUILT_PRODUCTS_DIR)/TipCalculator.app/$(BUNDLE_EXECUTABLE_FOLDER_PATH)/TipCalculator";
			};
			name = Debug;
		};
		BC49EF3C2D46E3DC00EEDF6F /* Release */ = {
			isa = XCBuildConfiguration;
			buildSettings = {
				BUNDLE_LOADER = "$(TEST_HOST)";
				CODE_SIGN_STYLE = Automatic;
				CURRENT_PROJECT_VERSION = 1;
				GENERATE_INFOPLIST_FILE = YES;
				IPHONEOS_DEPLOYMENT_TARGET = 18.2;
				MARKETING_VERSION = 1.0;
				PRODUCT_BUNDLE_IDENTIFIER = com.dungoni.TipCalculatorTests;
				PRODUCT_NAME = "$(TARGET_NAME)";
				SWIFT_EMIT_LOC_STRINGS = NO;
				SWIFT_VERSION = 5.0;
				TARGETED_DEVICE_FAMILY = "1,2";
				TEST_HOST = "$(BUILT_PRODUCTS_DIR)/TipCalculator.app/$(BUNDLE_EXECUTABLE_FOLDER_PATH)/TipCalculator";
			};
			name = Release;
		};
		BC49EF3E2D46E3DC00EEDF6F /* Debug */ = {
			isa = XCBuildConfiguration;
			buildSettings = {
				CODE_SIGN_STYLE = Automatic;
				CURRENT_PROJECT_VERSION = 1;
				GENERATE_INFOPLIST_FILE = YES;
				MARKETING_VERSION = 1.0;
				PRODUCT_BUNDLE_IDENTIFIER = com.dungoni.TipCalculatorUITests;
				PRODUCT_NAME = "$(TARGET_NAME)";
				SWIFT_EMIT_LOC_STRINGS = NO;
				SWIFT_VERSION = 5.0;
				TARGETED_DEVICE_FAMILY = "1,2";
				TEST_TARGET_NAME = TipCalculator;
			};
			name = Debug;
		};
		BC49EF3F2D46E3DC00EEDF6F /* Release */ = {
			isa = XCBuildConfiguration;
			buildSettings = {
				CODE_SIGN_STYLE = Automatic;
				CURRENT_PROJECT_VERSION = 1;
				GENERATE_INFOPLIST_FILE = YES;
				MARKETING_VERSION = 1.0;
				PRODUCT_BUNDLE_IDENTIFIER = com.dungoni.TipCalculatorUITests;
				PRODUCT_NAME = "$(TARGET_NAME)";
				SWIFT_EMIT_LOC_STRINGS = NO;
				SWIFT_VERSION = 5.0;
				TARGETED_DEVICE_FAMILY = "1,2";
				TEST_TARGET_NAME = TipCalculator;
			};
			name = Release;
		};
/* End XCBuildConfiguration section */

/* Begin XCConfigurationList section */
		BC49EF0E2D46E3DA00EEDF6F /* Build configuration list for PBXProject "TipCalculator" */ = {
			isa = XCConfigurationList;
			buildConfigurations = (
				BC49EF352D46E3DC00EEDF6F /* Debug */,
				BC49EF362D46E3DC00EEDF6F /* Release */,
			);
			defaultConfigurationIsVisible = 0;
			defaultConfigurationName = Release;
		};
		BC49EF372D46E3DC00EEDF6F /* Build configuration list for PBXNativeTarget "TipCalculator" */ = {
			isa = XCConfigurationList;
			buildConfigurations = (
				BC49EF382D46E3DC00EEDF6F /* Debug */,
				BC49EF392D46E3DC00EEDF6F /* Release */,
			);
			defaultConfigurationIsVisible = 0;
			defaultConfigurationName = Release;
		};
		BC49EF3A2D46E3DC00EEDF6F /* Build configuration list for PBXNativeTarget "TipCalculatorTests" */ = {
			isa = XCConfigurationList;
			buildConfigurations = (
				BC49EF3B2D46E3DC00EEDF6F /* Debug */,
				BC49EF3C2D46E3DC00EEDF6F /* Release */,
			);
			defaultConfigurationIsVisible = 0;
			defaultConfigurationName = Release;
		};
		BC49EF3D2D46E3DC00EEDF6F /* Build configuration list for PBXNativeTarget "TipCalculatorUITests" */ = {
			isa = XCConfigurationList;
			buildConfigurations = (
				BC49EF3E2D46E3DC00EEDF6F /* Debug */,
				BC49EF3F2D46E3DC00EEDF6F /* Release */,
			);
			defaultConfigurationIsVisible = 0;
			defaultConfigurationName = Release;
		};
/* End XCConfigurationList section */
	};
	rootObject = BC49EF0B2D46E3DA00EEDF6F /* Project object */;
}
